
Microsoft Visual Studio Solution File, Format Version 12.00
# Visual Studio Version 17
VisualStudioVersion = 17.3.32825.248
MinimumVisualStudioVersion = 10.0.40219.1
Project("{8BC9CEB8-8B4A-11D0-8D11-00A0C91BC942}") = "MyString", "MyString\MyString.vcxproj", "{2D356F4D-AC4F-4DDC-B273-E98C2704E4EF}"
EndProject
Project("{8BC9CEB8-8B4A-11D0-8D11-00A0C91BC942}") = "MyStringTests", "MyStringTests\MyStringTests.vcxproj", "{93B51A39-5BAA-44DC-B196-78946C137185}"
EndProject
Global
	GlobalSection(SolutionConfigurationPlatforms) = preSolution
		Debug|x64 = Debug|x64
		Debug|x86 = Debug|x86
		Release|x64 = Release|x64
		Release|x86 = Release|x86
	EndGlobalSection
	GlobalSection(ProjectConfigurationPlatforms) = postSolution
		{2D356F4D-AC4F-4DDC-B273-E98C2704E4EF}.Debug|x64.ActiveCfg = Debug|x64
		{2D356F4D-AC4F-4DDC-B273-E98C2704E4EF}.Debug|x64.Build.0 = Debug|x64
		{2D356F4D-AC4F-4DDC-B273-E98C2704E4EF}.Debug|x86.ActiveCfg = Debug|Win32
		{2D356F4D-AC4F-4DDC-B273-E98C2704E4EF}.Debug|x86.Build.0 = Debug|Win32
		{2D356F4D-AC4F-4DDC-B273-E98C2704E4EF}.Release|x64.ActiveCfg = Release|x64
		{2D356F4D-AC4F-4DDC-B273-E98C2704E4EF}.Release|x64.Build.0 = Release|x64
		{2D356F4D-AC4F-4DDC-B273-E98C2704E4EF}.Release|x86.ActiveCfg = Release|Win32
		{2D356F4D-AC4F-4DDC-B273-E98C2704E4EF}.Release|x86.Build.0 = Release|Win32
		{93B51A39-5BAA-44DC-B196-78946C137185}.Debug|x64.ActiveCfg = Debug|x64
		{93B51A39-5BAA-44DC-B196-78946C137185}.Debug|x64.Build.0 = Debug|x64
		{93B51A39-5BAA-44DC-B196-78946C137185}.Debug|x86.ActiveCfg = Debug|Win32
		{93B51A39-5BAA-44DC-B196-78946C137185}.Debug|x86.Build.0 = Debug|Win32
		{93B51A39-5BAA-44DC-B196-78946C137185}.Release|x64.ActiveCfg = Release|x64
		{93B51A39-5BAA-44DC-B196-78946C137185}.Release|x64.Build.0 = Release|x64
		{93B51A39-5BAA-44DC-B196-78946C137185}.Release|x86.ActiveCfg = Release|Win32
		{93B51A39-5BAA-44DC-B196-78946C137185}.Release|x86.Build.0 = Release|Win32
	EndGlobalSection
	GlobalSection(SolutionProperties) = preSolution
		HideSolutionNode = FALSE
	EndGlobalSection
	GlobalSection(ExtensibilityGlobals) = postSolution
		SolutionGuid = {6BE7446D-0239-4C18-98FF-34ADA7E56745}
	EndGlobalSection
EndGlobal
