
Microsoft Visual Studio Solution File, Format Version 12.00
# Visual Studio Version 17
VisualStudioVersion = 17.3.32825.248
MinimumVisualStudioVersion = 10.0.40219.1
Project("{8BC9CEB8-8B4A-11D0-8D11-00A0C91BC942}") = "vector", "vector.vcxproj", "{40169FFE-3A24-4044-B4C8-11F53321B67B}"
EndProject
Project("{8BC9CEB8-8B4A-11D0-8D11-00A0C91BC942}") = "vector_tests", "..\vector_tests\vector_tests.vcxproj", "{9EDF7507-EDA9-4E38-B87F-0B432B02EF28}"
EndProject
Global
	GlobalSection(SolutionConfigurationPlatforms) = preSolution
		Debug|x64 = Debug|x64
		Debug|x86 = Debug|x86
		Release|x64 = Release|x64
		Release|x86 = Release|x86
	EndGlobalSection
	GlobalSection(ProjectConfigurationPlatforms) = postSolution
		{40169FFE-3A24-4044-B4C8-11F53321B67B}.Debug|x64.ActiveCfg = Debug|x64
		{40169FFE-3A24-4044-B4C8-11F53321B67B}.Debug|x64.Build.0 = Debug|x64
		{40169FFE-3A24-4044-B4C8-11F53321B67B}.Debug|x86.ActiveCfg = Debug|Win32
		{40169FFE-3A24-4044-B4C8-11F53321B67B}.Debug|x86.Build.0 = Debug|Win32
		{40169FFE-3A24-4044-B4C8-11F53321B67B}.Release|x64.ActiveCfg = Release|x64
		{40169FFE-3A24-4044-B4C8-11F53321B67B}.Release|x64.Build.0 = Release|x64
		{40169FFE-3A24-4044-B4C8-11F53321B67B}.Release|x86.ActiveCfg = Release|Win32
		{40169FFE-3A24-4044-B4C8-11F53321B67B}.Release|x86.Build.0 = Release|Win32
		{9EDF7507-EDA9-4E38-B87F-0B432B02EF28}.Debug|x64.ActiveCfg = Debug|x64
		{9EDF7507-EDA9-4E38-B87F-0B432B02EF28}.Debug|x64.Build.0 = Debug|x64
		{9EDF7507-EDA9-4E38-B87F-0B432B02EF28}.Debug|x86.ActiveCfg = Debug|Win32
		{9EDF7507-EDA9-4E38-B87F-0B432B02EF28}.Debug|x86.Build.0 = Debug|Win32
		{9EDF7507-EDA9-4E38-B87F-0B432B02EF28}.Release|x64.ActiveCfg = Release|x64
		{9EDF7507-EDA9-4E38-B87F-0B432B02EF28}.Release|x64.Build.0 = Release|x64
		{9EDF7507-EDA9-4E38-B87F-0B432B02EF28}.Release|x86.ActiveCfg = Release|Win32
		{9EDF7507-EDA9-4E38-B87F-0B432B02EF28}.Release|x86.Build.0 = Release|Win32
	EndGlobalSection
	GlobalSection(SolutionProperties) = preSolution
		HideSolutionNode = FALSE
	EndGlobalSection
	GlobalSection(ExtensibilityGlobals) = postSolution
		SolutionGuid = {9603A679-0AA4-4775-B54A-D1B4F08AD86F}
	EndGlobalSection
EndGlobal
