
Microsoft Visual Studio Solution File, Format Version 12.00
# Visual Studio Version 17
VisualStudioVersion = 17.3.32825.248
MinimumVisualStudioVersion = 10.0.40219.1
Project("{8BC9CEB8-8B4A-11D0-8D11-00A0C91BC942}") = "mini-dict", "mini-dict\mini-dict.vcxproj", "{16A0AC80-1C69-4E1E-87A3-487FF1E53BDD}"
EndProject
Global
	GlobalSection(SolutionConfigurationPlatforms) = preSolution
		Debug|x64 = Debug|x64
		Debug|x86 = Debug|x86
		Release|x64 = Release|x64
		Release|x86 = Release|x86
	EndGlobalSection
	GlobalSection(ProjectConfigurationPlatforms) = postSolution
		{16A0AC80-1C69-4E1E-87A3-487FF1E53BDD}.Debug|x64.ActiveCfg = Debug|x64
		{16A0AC80-1C69-4E1E-87A3-487FF1E53BDD}.Debug|x64.Build.0 = Debug|x64
		{16A0AC80-1C69-4E1E-87A3-487FF1E53BDD}.Debug|x86.ActiveCfg = Debug|Win32
		{16A0AC80-1C69-4E1E-87A3-487FF1E53BDD}.Debug|x86.Build.0 = Debug|Win32
		{16A0AC80-1C69-4E1E-87A3-487FF1E53BDD}.Release|x64.ActiveCfg = Release|x64
		{16A0AC80-1C69-4E1E-87A3-487FF1E53BDD}.Release|x64.Build.0 = Release|x64
		{16A0AC80-1C69-4E1E-87A3-487FF1E53BDD}.Release|x86.ActiveCfg = Release|Win32
		{16A0AC80-1C69-4E1E-87A3-487FF1E53BDD}.Release|x86.Build.0 = Release|Win32
	EndGlobalSection
	GlobalSection(SolutionProperties) = preSolution
		HideSolutionNode = FALSE
	EndGlobalSection
	GlobalSection(ExtensibilityGlobals) = postSolution
		SolutionGuid = {B384F25D-1CAE-4AC5-B5CD-5178DF372794}
	EndGlobalSection
EndGlobal
